
Microsoft Visual Studio Solution File, Format Version 12.00
# Visual Studio 14
VisualStudioVersion = 14.0.23107.0
MinimumVisualStudioVersion = 10.0.40219.1
Project("{FAE04EC0-301F-11D3-BF4B-00C04F79EFBC}") = "ECommon", "ECommon\ECommon.csproj", "{D60F17CE-FF99-42CD-AF71-97C157B17AF3}"
EndProject
Project("{FAE04EC0-301F-11D3-BF4B-00C04F79EFBC}") = "RemotingPerformanceTest.Server", "RemotingPerformanceTest.Server\RemotingPerformanceTest.Server.csproj", "{0C74F129-8D81-42B9-95AD-DE5EF0CA1B7E}"
EndProject
Project("{FAE04EC0-301F-11D3-BF4B-00C04F79EFBC}") = "RemotingPerformanceTest.Client", "RemotingPerformanceTest.Client\RemotingPerformanceTest.Client.csproj", "{F660BA75-73F3-42B4-8D9F-32C1DEA44647}"
EndProject
Project("{2150E333-8FDC-42A3-9474-1A3956D46DE8}") = ".nuget", ".nuget", "{7BE51E52-AB70-45F7-9E47-DA5905B2E70E}"
	ProjectSection(SolutionItems) = preProject
		.nuget\NuGet.Config = .nuget\NuGet.Config
		.nuget\NuGet.exe = .nuget\NuGet.exe
		.nuget\NuGet.targets = .nuget\NuGet.targets
	EndProjectSection
EndProject
Global
	GlobalSection(SolutionConfigurationPlatforms) = preSolution
		Debug|Any CPU = Debug|Any CPU
		Release|Any CPU = Release|Any CPU
	EndGlobalSection
	GlobalSection(ProjectConfigurationPlatforms) = postSolution
		{D60F17CE-FF99-42CD-AF71-97C157B17AF3}.Debug|Any CPU.ActiveCfg = Debug|Any CPU
		{D60F17CE-FF99-42CD-AF71-97C157B17AF3}.Debug|Any CPU.Build.0 = Debug|Any CPU
		{D60F17CE-FF99-42CD-AF71-97C157B17AF3}.Release|Any CPU.ActiveCfg = Release|Any CPU
		{D60F17CE-FF99-42CD-AF71-97C157B17AF3}.Release|Any CPU.Build.0 = Release|Any CPU
		{0C74F129-8D81-42B9-95AD-DE5EF0CA1B7E}.Debug|Any CPU.ActiveCfg = Debug|Any CPU
		{0C74F129-8D81-42B9-95AD-DE5EF0CA1B7E}.Debug|Any CPU.Build.0 = Debug|Any CPU
		{0C74F129-8D81-42B9-95AD-DE5EF0CA1B7E}.Release|Any CPU.ActiveCfg = Release|Any CPU
		{0C74F129-8D81-42B9-95AD-DE5EF0CA1B7E}.Release|Any CPU.Build.0 = Release|Any CPU
		{F660BA75-73F3-42B4-8D9F-32C1DEA44647}.Debug|Any CPU.ActiveCfg = Debug|Any CPU
		{F660BA75-73F3-42B4-8D9F-32C1DEA44647}.Debug|Any CPU.Build.0 = Debug|Any CPU
		{F660BA75-73F3-42B4-8D9F-32C1DEA44647}.Release|Any CPU.ActiveCfg = Release|Any CPU
		{F660BA75-73F3-42B4-8D9F-32C1DEA44647}.Release|Any CPU.Build.0 = Release|Any CPU
	EndGlobalSection
	GlobalSection(SolutionProperties) = preSolution
		HideSolutionNode = FALSE
	EndGlobalSection
EndGlobal
