
Microsoft Visual Studio Solution File, Format Version 12.00
# Visual Studio 2012
Project("{FAE04EC0-301F-11D3-BF4B-00C04F79EFBC}") = "ECommon", "ECommon\ECommon.csproj", "{D60F17CE-FF99-42CD-AF71-97C157B17AF3}"
EndProject
Project("{2150E333-8FDC-42A3-9474-1A3956D46DE8}") = "Extensions", "Extensions", "{82C86A3D-FDE3-4165-9379-584EB947D2FC}"
EndProject
Project("{FAE04EC0-301F-11D3-BF4B-00C04F79EFBC}") = "ECommon.Autofac", "Extensions\ECommon.Autofac\ECommon.Autofac.csproj", "{1C523165-5CC7-497A-99D0-9E59E3110C54}"
EndProject
Project("{FAE04EC0-301F-11D3-BF4B-00C04F79EFBC}") = "ECommon.JsonNet", "Extensions\ECommon.JsonNet\ECommon.JsonNet.csproj", "{A118C5A4-52C3-4659-860A-31EE526B0877}"
EndProject
Project("{FAE04EC0-301F-11D3-BF4B-00C04F79EFBC}") = "ECommon.Log4Net", "Extensions\ECommon.Log4Net\ECommon.Log4Net.csproj", "{C69CF480-4B6B-4006-8C17-43054C1EBE1C}"
EndProject
Global
	GlobalSection(SolutionConfigurationPlatforms) = preSolution
		Debug|Any CPU = Debug|Any CPU
		Release|Any CPU = Release|Any CPU
	EndGlobalSection
	GlobalSection(ProjectConfigurationPlatforms) = postSolution
		{D60F17CE-FF99-42CD-AF71-97C157B17AF3}.Debug|Any CPU.ActiveCfg = Debug|Any CPU
		{D60F17CE-FF99-42CD-AF71-97C157B17AF3}.Debug|Any CPU.Build.0 = Debug|Any CPU
		{D60F17CE-FF99-42CD-AF71-97C157B17AF3}.Release|Any CPU.ActiveCfg = Release|Any CPU
		{D60F17CE-FF99-42CD-AF71-97C157B17AF3}.Release|Any CPU.Build.0 = Release|Any CPU
		{1C523165-5CC7-497A-99D0-9E59E3110C54}.Debug|Any CPU.ActiveCfg = Debug|Any CPU
		{1C523165-5CC7-497A-99D0-9E59E3110C54}.Debug|Any CPU.Build.0 = Debug|Any CPU
		{1C523165-5CC7-497A-99D0-9E59E3110C54}.Release|Any CPU.ActiveCfg = Release|Any CPU
		{1C523165-5CC7-497A-99D0-9E59E3110C54}.Release|Any CPU.Build.0 = Release|Any CPU
		{A118C5A4-52C3-4659-860A-31EE526B0877}.Debug|Any CPU.ActiveCfg = Debug|Any CPU
		{A118C5A4-52C3-4659-860A-31EE526B0877}.Debug|Any CPU.Build.0 = Debug|Any CPU
		{A118C5A4-52C3-4659-860A-31EE526B0877}.Release|Any CPU.ActiveCfg = Release|Any CPU
		{A118C5A4-52C3-4659-860A-31EE526B0877}.Release|Any CPU.Build.0 = Release|Any CPU
		{C69CF480-4B6B-4006-8C17-43054C1EBE1C}.Debug|Any CPU.ActiveCfg = Debug|Any CPU
		{C69CF480-4B6B-4006-8C17-43054C1EBE1C}.Debug|Any CPU.Build.0 = Debug|Any CPU
		{C69CF480-4B6B-4006-8C17-43054C1EBE1C}.Release|Any CPU.ActiveCfg = Release|Any CPU
		{C69CF480-4B6B-4006-8C17-43054C1EBE1C}.Release|Any CPU.Build.0 = Release|Any CPU
	EndGlobalSection
	GlobalSection(SolutionProperties) = preSolution
		HideSolutionNode = FALSE
	EndGlobalSection
	GlobalSection(NestedProjects) = preSolution
		{1C523165-5CC7-497A-99D0-9E59E3110C54} = {82C86A3D-FDE3-4165-9379-584EB947D2FC}
		{A118C5A4-52C3-4659-860A-31EE526B0877} = {82C86A3D-FDE3-4165-9379-584EB947D2FC}
		{C69CF480-4B6B-4006-8C17-43054C1EBE1C} = {82C86A3D-FDE3-4165-9379-584EB947D2FC}
	EndGlobalSection
EndGlobal
